{
    "_readme": [
        "This file locks the dependencies of your project to a known state",
        "Read more about it at https://getcomposer.org/doc/01-basic-usage.md#installing-dependencies",
        "This file is @generated automatically"
    ],
    "content-hash": "4019acc9034bf16cf1b4ceb89d690608",
    "packages": [
        {
            "name": "srag/generateplugininfoshelper",
            "version": "2.10.0",
            "source": {
                "type": "git",
                "url": "https://github.com/fluxfw/GeneratePluginInfosHelper.git",
                "reference": "c3150682e3f60cca586c182c5ccd90ae78d9b9e4"
            },
            "dist": {
                "type": "zip",
                "url": "https://api.github.com/repos/fluxfw/GeneratePluginInfosHelper/zipball/c3150682e3f60cca586c182c5ccd90ae78d9b9e4",
                "reference": "c3150682e3f60cca586c182c5ccd90ae78d9b9e4",
                "shasum": ""
            },
            "require": {
                "php": ">=7.0"
            },
            "type": "library",
            "extra": {
                "generate_plugin_readme_template": "SRAG_LIBRARY",
                "long_description_template": "src/LONG_DESCRIPTION.md"
            },
            "autoload": {
                "psr-4": {
                    "srag\\GeneratePluginInfosHelper\\HelpMeCron\\": "src/"
                }
            },
            "notification-url": "https://packagist.org/downloads/",
            "license": [
                "GPL-3.0-only"
            ],
            "authors": [
                {
                    "name": "studer + raimann ag - Team Custom 1",
                    "email": "support-custom1@studer-raimann.ch",
                    "homepage": "https://studer-raimann.ch",
                    "role": "Developer"
                }
            ],
            "description": "Automatic generate plugin infos such README.md, plugin.php, plugin.xml, ... from composer.json",
            "homepage": "https://github.com/fluxfw/GeneratePluginInfosHelper",
            "keywords": [
                "Infos",
                "generate",
                "helper",
                "plugin"
            ],
            "time": "2021-03-04T13:43:47+00:00"
        },
        {
            "name": "srag/librariesnamespacechanger",
            "version": "0.15.1",
            "source": {
                "type": "git",
                "url": "https://github.com/fluxfw/LibrariesNamespaceChanger.git",
                "reference": "4d9567c0e83f325849e948960382c9cde612d474"
            },
            "dist": {
                "type": "zip",
                "url": "https://api.github.com/repos/fluxfw/LibrariesNamespaceChanger/zipball/4d9567c0e83f325849e948960382c9cde612d474",
                "reference": "4d9567c0e83f325849e948960382c9cde612d474",
                "shasum": ""
            },
            "require": {
                "php": ">=7.0"
            },
            "require-dev": {
                "srag/generateplugininfoshelper": ">=0.1.0"
            },
            "type": "library",
            "extra": {
                "generate_plugin_readme_template": "SRAG_LIBRARY",
                "long_description_template": "src/LONG_DESCRIPTION.md"
            },
            "autoload": {
                "psr-4": {
                    "srag\\LibrariesNamespaceChanger\\": "src/"
                }
            },
            "notification-url": "https://packagist.org/downloads/",
            "license": [
                "GPL-3.0-only"
            ],
            "authors": [
                {
                    "name": "studer + raimann ag - Team Custom 1",
                    "email": "support-custom1@studer-raimann.ch",
                    "homepage": "https://studer-raimann.ch",
                    "role": "Developer"
                }
            ],
            "description": "Change namespace of libraries to plugin namespace",
            "homepage": "https://github.com/fluxfw/LibrariesNamespaceChanger",
            "keywords": [
                "changer",
                "libraries",
                "namespace"
            ],
            "time": "2021-03-03T09:56:22+00:00"
        }
    ],
    "packages-dev": [],
    "aliases": [],
    "minimum-stability": "stable",
    "stability-flags": [],
    "prefer-stable": false,
    "prefer-lowest": false,
    "platform": {
        "php": ">=7.2"
    },
    "platform-dev": [],
    "plugin-api-version": "1.1.0"
}
